
Microsoft Visual Studio Solution File, Format Version 12.00
# Visual Studio Version 17
VisualStudioVersion = 17.9.34723.18
MinimumVisualStudioVersion = 10.0.40219.1
Project("{FAE04EC0-301F-11D3-BF4B-00C04F79EFBC}") = "Booleans_And_Conditions_Practice", "Booleans_And_Conditions_Practice.csproj", "{30CA82CA-243C-47D7-95C8-6E1B86AEBC07}"
EndProject
Global
	GlobalSection(SolutionConfigurationPlatforms) = preSolution
		Debug|Any CPU = Debug|Any CPU
		Release|Any CPU = Release|Any CPU
	EndGlobalSection
	GlobalSection(ProjectConfigurationPlatforms) = postSolution
		{30CA82CA-243C-47D7-95C8-6E1B86AEBC07}.Debug|Any CPU.ActiveCfg = Debug|Any CPU
		{30CA82CA-243C-47D7-95C8-6E1B86AEBC07}.Debug|Any CPU.Build.0 = Debug|Any CPU
		{30CA82CA-243C-47D7-95C8-6E1B86AEBC07}.Release|Any CPU.ActiveCfg = Release|Any CPU
		{30CA82CA-243C-47D7-95C8-6E1B86AEBC07}.Release|Any CPU.Build.0 = Release|Any CPU
	EndGlobalSection
	GlobalSection(SolutionProperties) = preSolution
		HideSolutionNode = FALSE
	EndGlobalSection
	GlobalSection(ExtensibilityGlobals) = postSolution
		SolutionGuid = {DB084A46-6C5F-43E5-84C4-8F85DD3F6F3A}
	EndGlobalSection
EndGlobal
